
Microsoft Visual Studio Solution File, Format Version 12.00
# Visual Studio Version 17
VisualStudioVersion = 17.10.35122.118
MinimumVisualStudioVersion = 10.0.40219.1
Project("{9A19103F-16F7-4668-BE54-9A1E7A4F7556}") = "PitchSwitchBackend", "PitchSwitchBackend\PitchSwitchBackend.csproj", "{6735B34C-CEF9-4F39-96FA-0A1CE5A6F0CE}"
EndProject
Project("{2150E333-8FDC-42A3-9474-1A3956D46DE8}") = "Solution Items", "Solution Items", "{F23F852B-0167-4F9C-B209-9E6CD7A81A7B}"
	ProjectSection(SolutionItems) = preProject
		README.md = README.md
	EndProjectSection
EndProject
Global
	GlobalSection(SolutionConfigurationPlatforms) = preSolution
		Debug|Any CPU = Debug|Any CPU
		Release|Any CPU = Release|Any CPU
	EndGlobalSection
	GlobalSection(ProjectConfigurationPlatforms) = postSolution
		{6735B34C-CEF9-4F39-96FA-0A1CE5A6F0CE}.Debug|Any CPU.ActiveCfg = Debug|Any CPU
		{6735B34C-CEF9-4F39-96FA-0A1CE5A6F0CE}.Debug|Any CPU.Build.0 = Debug|Any CPU
		{6735B34C-CEF9-4F39-96FA-0A1CE5A6F0CE}.Release|Any CPU.ActiveCfg = Release|Any CPU
		{6735B34C-CEF9-4F39-96FA-0A1CE5A6F0CE}.Release|Any CPU.Build.0 = Release|Any CPU
	EndGlobalSection
	GlobalSection(SolutionProperties) = preSolution
		HideSolutionNode = FALSE
	EndGlobalSection
	GlobalSection(ExtensibilityGlobals) = postSolution
		SolutionGuid = {52E0DD8E-8353-48BF-AD97-B5B8558C742E}
	EndGlobalSection
EndGlobal
